
Microsoft Visual Studio Solution File, Format Version 12.00
# Visual Studio Version 17
VisualStudioVersion = 17.6.33712.159
MinimumVisualStudioVersion = 10.0.40219.1
Project("{FAE04EC0-301F-11D3-BF4B-00C04F79EFBC}") = "RunGroopWeb", "RunGroopWeb\RunGroopWeb.csproj", "{964D6854-452A-4C25-93F4-B8C702D870A6}"
EndProject
Global
	GlobalSection(SolutionConfigurationPlatforms) = preSolution
		Debug|Any CPU = Debug|Any CPU
		Release|Any CPU = Release|Any CPU
	EndGlobalSection
	GlobalSection(ProjectConfigurationPlatforms) = postSolution
		{964D6854-452A-4C25-93F4-B8C702D870A6}.Debug|Any CPU.ActiveCfg = Debug|Any CPU
		{964D6854-452A-4C25-93F4-B8C702D870A6}.Debug|Any CPU.Build.0 = Debug|Any CPU
		{964D6854-452A-4C25-93F4-B8C702D870A6}.Release|Any CPU.ActiveCfg = Release|Any CPU
		{964D6854-452A-4C25-93F4-B8C702D870A6}.Release|Any CPU.Build.0 = Release|Any CPU
	EndGlobalSection
	GlobalSection(SolutionProperties) = preSolution
		HideSolutionNode = FALSE
	EndGlobalSection
	GlobalSection(ExtensibilityGlobals) = postSolution
		SolutionGuid = {64422036-E859-4C7E-807B-B891673FE44B}
	EndGlobalSection
EndGlobal
